
Microsoft Visual Studio Solution File, Format Version 12.00
# Visual Studio Version 16
VisualStudioVersion = 16.0.30011.22
MinimumVisualStudioVersion = 10.0.40219.1
Project("{9A19103F-16F7-4668-BE54-9A1E7A4F7556}") = "StockConsole", "StockConsole\StockConsole.csproj", "{59CABDE7-4EBB-4790-ABA2-5270C5D4267E}"
EndProject
Project("{9A19103F-16F7-4668-BE54-9A1E7A4F7556}") = "PortfolioEndpoint", "PortfolioEndpoint\PortfolioEndpoint.csproj", "{614D3207-5C35-4169-8E36-8EC077CCD0F1}"
EndProject
Project("{9A19103F-16F7-4668-BE54-9A1E7A4F7556}") = "AlertService", "AlertService\AlertService.csproj", "{B9572608-449C-4360-90D0-5BF244CD9E94}"
EndProject
Project("{9A19103F-16F7-4668-BE54-9A1E7A4F7556}") = "ModelsLibrary", "ModelsLibrary\ModelsLibrary.csproj", "{BD180F91-D70D-4A5A-8070-24A6F7F146CD}"
EndProject
Global
	GlobalSection(SolutionConfigurationPlatforms) = preSolution
		Debug|Any CPU = Debug|Any CPU
		Release|Any CPU = Release|Any CPU
	EndGlobalSection
	GlobalSection(ProjectConfigurationPlatforms) = postSolution
		{59CABDE7-4EBB-4790-ABA2-5270C5D4267E}.Debug|Any CPU.ActiveCfg = Debug|Any CPU
		{59CABDE7-4EBB-4790-ABA2-5270C5D4267E}.Release|Any CPU.ActiveCfg = Release|Any CPU
		{59CABDE7-4EBB-4790-ABA2-5270C5D4267E}.Release|Any CPU.Build.0 = Release|Any CPU
		{614D3207-5C35-4169-8E36-8EC077CCD0F1}.Debug|Any CPU.ActiveCfg = Debug|Any CPU
		{614D3207-5C35-4169-8E36-8EC077CCD0F1}.Debug|Any CPU.Build.0 = Debug|Any CPU
		{614D3207-5C35-4169-8E36-8EC077CCD0F1}.Release|Any CPU.ActiveCfg = Release|Any CPU
		{614D3207-5C35-4169-8E36-8EC077CCD0F1}.Release|Any CPU.Build.0 = Release|Any CPU
		{B9572608-449C-4360-90D0-5BF244CD9E94}.Debug|Any CPU.ActiveCfg = Debug|Any CPU
		{B9572608-449C-4360-90D0-5BF244CD9E94}.Release|Any CPU.ActiveCfg = Release|Any CPU
		{B9572608-449C-4360-90D0-5BF244CD9E94}.Release|Any CPU.Build.0 = Release|Any CPU
		{BD180F91-D70D-4A5A-8070-24A6F7F146CD}.Debug|Any CPU.ActiveCfg = Debug|Any CPU
		{BD180F91-D70D-4A5A-8070-24A6F7F146CD}.Debug|Any CPU.Build.0 = Debug|Any CPU
		{BD180F91-D70D-4A5A-8070-24A6F7F146CD}.Release|Any CPU.ActiveCfg = Release|Any CPU
		{BD180F91-D70D-4A5A-8070-24A6F7F146CD}.Release|Any CPU.Build.0 = Release|Any CPU
	EndGlobalSection
	GlobalSection(SolutionProperties) = preSolution
		HideSolutionNode = FALSE
	EndGlobalSection
	GlobalSection(ExtensibilityGlobals) = postSolution
		SolutionGuid = {E196538E-34EF-4989-BC10-8950DB110849}
	EndGlobalSection
EndGlobal
